
Microsoft Visual Studio Solution File, Format Version 12.00
# Visual Studio 15
VisualStudioVersion = 15.0.27428.2015
MinimumVisualStudioVersion = 10.0.40219.1
Project("{FAE04EC0-301F-11D3-BF4B-00C04F79EFBC}") = "Tests", "Tests\Tests.csproj", "{E9C5D84D-363B-4561-9A14-EEE89AD2F24A}"
EndProject
Project("{FAE04EC0-301F-11D3-BF4B-00C04F79EFBC}") = "AlgorithmicPractice", "ClassLibrary1\AlgorithmicPractice.csproj", "{16020A7C-F80A-49DD-946C-ED6144549161}"
EndProject
Global
	GlobalSection(SolutionConfigurationPlatforms) = preSolution
		Debug|Any CPU = Debug|Any CPU
		Release|Any CPU = Release|Any CPU
	EndGlobalSection
	GlobalSection(ProjectConfigurationPlatforms) = postSolution
		{E9C5D84D-363B-4561-9A14-EEE89AD2F24A}.Debug|Any CPU.ActiveCfg = Debug|Any CPU
		{E9C5D84D-363B-4561-9A14-EEE89AD2F24A}.Debug|Any CPU.Build.0 = Debug|Any CPU
		{E9C5D84D-363B-4561-9A14-EEE89AD2F24A}.Release|Any CPU.ActiveCfg = Release|Any CPU
		{E9C5D84D-363B-4561-9A14-EEE89AD2F24A}.Release|Any CPU.Build.0 = Release|Any CPU
		{16020A7C-F80A-49DD-946C-ED6144549161}.Debug|Any CPU.ActiveCfg = Debug|Any CPU
		{16020A7C-F80A-49DD-946C-ED6144549161}.Debug|Any CPU.Build.0 = Debug|Any CPU
		{16020A7C-F80A-49DD-946C-ED6144549161}.Release|Any CPU.ActiveCfg = Release|Any CPU
		{16020A7C-F80A-49DD-946C-ED6144549161}.Release|Any CPU.Build.0 = Release|Any CPU
	EndGlobalSection
	GlobalSection(SolutionProperties) = preSolution
		HideSolutionNode = FALSE
	EndGlobalSection
	GlobalSection(ExtensibilityGlobals) = postSolution
		SolutionGuid = {75D9E761-0E10-47E1-8EE0-EFEC36C2EEF9}
	EndGlobalSection
EndGlobal
